lockfileVersion: '9.0'

settings:
  autoInstallPeers: true
  excludeLinksFromLockfile: false

importers:

  .:
    dependencies:
      '@redblobgames/dual-mesh':
        specifier: https://github.com/redblobgames/dual-mesh
        version: https://codeload.github.com/redblobgames/dual-mesh/tar.gz/4a8504dbb192a4919a6060d1e1157bffe9267f18
      '@redblobgames/prng':
        specifier: https://github.com/redblobgames/prng
        version: https://codeload.github.com/redblobgames/prng/tar.gz/1104cf92f9824d71cf631eeeedd5866e9b62ea9f
      delaunator:
        specifier: ^3.0
        version: 3.0.2
      flatqueue:
        specifier: '*'
        version: 1.1.0
      gl-matrix:
        specifier: '*'
        version: 2.8.1
      hash-int:
        specifier: '*'
        version: 1.0.0
      regl:
        specifier: '*'
        version: 1.3.7
      simplex-noise:
        specifier: ^2
        version: 2.4.0

packages:

  '@redblobgames/dual-mesh@https://codeload.github.com/redblobgames/dual-mesh/tar.gz/4a8504dbb192a4919a6060d1e1157bffe9267f18':
    resolution: {tarball: https://codeload.github.com/redblobgames/dual-mesh/tar.gz/4a8504dbb192a4919a6060d1e1157bffe9267f18}
    version: 2.1.1

  '@redblobgames/prng@https://codeload.github.com/redblobgames/prng/tar.gz/1104cf92f9824d71cf631eeeedd5866e9b62ea9f':
    resolution: {tarball: https://codeload.github.com/redblobgames/prng/tar.gz/1104cf92f9824d71cf631eeeedd5866e9b62ea9f}
    version: 1.0.0

  delaunator@3.0.2:
    resolution: {integrity: sha512-GNSex8jhF1mcqtNAMYvdZ6Ng7YieYNlbOq2xshyZhLc98P8y5O7Vm6buw4A60wGOd9qvK9RcIMm5qoe4PncAPw==}

  delaunator@4.0.1:
    resolution: {integrity: sha512-WNPWi1IRKZfCt/qIDMfERkDp93+iZEmOxN2yy4Jg+Xhv8SLk2UTqqbe1sfiipn0and9QrE914/ihdx82Y/Giag==}

  flatqueue@1.1.0:
    resolution: {integrity: sha512-N95K6UfbI1wg6iOg3ItYrL3d3kNN6Fe0+dsp6sbTBg9/3dqR5KiTaMdfxG2dz2ITKAWCSYCvjf69xpA6760Zfw==}

  gl-matrix@2.8.1:
    resolution: {integrity: sha512-0YCjVpE3pS5XWlN3J4X7AiAx65+nqAI54LndtVFnQZB6G/FVLkZH8y8V6R3cIoOQR4pUdfwQGd1iwyoXHJ4Qfw==}

  hash-int@1.0.0:
    resolution: {integrity: sha512-U1cDrvoPTR+AWCeFLXm0UjEcsgz74N5H4lQ3PjwDCIaLHgiXRmfsvq15/HGSjNAkig/bZMcESqg93ax9alWhkg==}

  regl@1.3.7:
    resolution: {integrity: sha512-Uf005fU6C+VsYomGEOtDhpn6aiisljsJEG6CoGTgNnV5W28hDNDR3Xw9scAkx9X1JoZ/otYODztVWZpQNyJWcA==}

  simplex-noise@2.4.0:
    resolution: {integrity: sha512-OjyDWm/QZjVbMrPxDVi9b2as+SeNn9EBXlrWVRlFW+TSyWMSXouDryXkQN0vf5YP+QZKobrmkvx1eQYPLtuqfw==}

snapshots:

  '@redblobgames/dual-mesh@https://codeload.github.com/redblobgames/dual-mesh/tar.gz/4a8504dbb192a4919a6060d1e1157bffe9267f18':
    dependencies:
      delaunator: 4.0.1

  '@redblobgames/prng@https://codeload.github.com/redblobgames/prng/tar.gz/1104cf92f9824d71cf631eeeedd5866e9b62ea9f':
    dependencies:
      hash-int: 1.0.0

  delaunator@3.0.2: {}

  delaunator@4.0.1: {}

  flatqueue@1.1.0: {}

  gl-matrix@2.8.1: {}

  hash-int@1.0.0: {}

  regl@1.3.7: {}

  simplex-noise@2.4.0: {}
